// !$*UTF8*$!
{
	archiveVersion = 1;
	classes = {
	};
	objectVersion = 50;
	objects = {

/* Begin PBXBuildFile section */
		CA0601B326BD0CE600CED8A7 /* MemoAppApp.swift in Sources */ = {isa = PBXBuildFile; fileRef = CA0601B226BD0CE600CED8A7 /* MemoAppApp.swift */; };
		CA0601B526BD0CE600CED8A7 /* HomeView.swift in Sources */ = {isa = PBXBuildFile; fileRef = CA0601B426BD0CE600CED8A7 /* HomeView.swift */; };
		CA0601B726BD0CE900CED8A7 /* Assets.xcassets in Resources */ = {isa = PBXBuildFile; fileRef = CA0601B626BD0CE900CED8A7 /* Assets.xcassets */; };
		CA0601BA26BD0CE900CED8A7 /* Preview Assets.xcassets in Resources */ = {isa = PBXBuildFile; fileRef = CA0601B926BD0CE900CED8A7 /* Preview Assets.xcassets */; };
		CA0601BC26BD0CE900CED8A7 /* Persistence.swift in Sources */ = {isa = PBXBuildFile; fileRef = CA0601BB26BD0CE900CED8A7 /* Persistence.swift */; };
		CA0601BF26BD0CEA00CED8A7 /* MemoApp.xcdatamodeld in Sources */ = {isa = PBXBuildFile; fileRef = CA0601BD26BD0CEA00CED8A7 /* MemoApp.xcdatamodeld */; };
		CA20852926C6CA7D008FDB9F /* MemoModel.swift in Sources */ = {isa = PBXBuildFile; fileRef = CA20852826C6CA7D008FDB9F /* MemoModel.swift */; };
		CA2B019F26C40A060021E785 /* HomeViewModel.swift in Sources */ = {isa = PBXBuildFile; fileRef = CA2B019E26C40A060021E785 /* HomeViewModel.swift */; };
		CA828FD826BFCFC40032D0C8 /* AddMemoView.swift in Sources */ = {isa = PBXBuildFile; fileRef = CA828FD726BFCFC40032D0C8 /* AddMemoView.swift */; };
/* End PBXBuildFile section */

/* Begin PBXFileReference section */
		CA0601AF26BD0CE600CED8A7 /* MemoApp.app */ = {isa = PBXFileReference; explicitFileType = wrapper.application; includeInIndex = 0; path = MemoApp.app; sourceTree = BUILT_PRODUCTS_DIR; };
		CA0601B226BD0CE600CED8A7 /* MemoAppApp.swift */ = {isa = PBXFileReference; lastKnownFileType = sourcecode.swift; path = MemoAppApp.swift; sourceTree = "<group>"; };
		CA0601B426BD0CE600CED8A7 /* HomeView.swift */ = {isa = PBXFileReference; lastKnownFileType = sourcecode.swift; path = HomeView.swift; sourceTree = "<group>"; };
		CA0601B626BD0CE900CED8A7 /* Assets.xcassets */ = {isa = PBXFileReference; lastKnownFileType = folder.assetcatalog; path = Assets.xcassets; sourceTree = "<group>"; };
		CA0601B926BD0CE900CED8A7 /* Preview Assets.xcassets */ = {isa = PBXFileReference; lastKnownFileType = folder.assetcatalog; path = "Preview Assets.xcassets"; sourceTree = "<group>"; };
		CA0601BB26BD0CE900CED8A7 /* Persistence.swift */ = {isa = PBXFileReference; lastKnownFileType = sourcecode.swift; path = Persistence.swift; sourceTree = "<group>"; };
		CA0601BE26BD0CEA00CED8A7 /* MemoApp.xcdatamodel */ = {isa = PBXFileReference; lastKnownFileType = wrapper.xcdatamodel; path = MemoApp.xcdatamodel; sourceTree = "<group>"; };
		CA0601C026BD0CEA00CED8A7 /* Info.plist */ = {isa = PBXFileReference; lastKnownFileType = text.plist.xml; path = Info.plist; sourceTree = "<group>"; };
		CA20852826C6CA7D008FDB9F /* MemoModel.swift */ = {isa = PBXFileReference; lastKnownFileType = sourcecode.swift; path = MemoModel.swift; sourceTree = "<group>"; };
		CA2B019E26C40A060021E785 /* HomeViewModel.swift */ = {isa = PBXFileReference; lastKnownFileType = sourcecode.swift; path = HomeViewModel.swift; sourceTree = "<group>"; };
		CA828FD726BFCFC40032D0C8 /* AddMemoView.swift */ = {isa = PBXFileReference; lastKnownFileType = sourcecode.swift; path = AddMemoView.swift; sourceTree = "<group>"; };
/* End PBXFileReference section */

/* Begin PBXFrameworksBuildPhase section */
		CA0601AC26BD0CE600CED8A7 /* Frameworks */ = {
			isa = PBXFrameworksBuildPhase;
			buildActionMask = 2147483647;
			files = (
			);
			runOnlyForDeploymentPostprocessing = 0;
		};
/* End PBXFrameworksBuildPhase section */

/* Begin PBXGroup section */
		CA0601A626BD0CE600CED8A7 = {
			isa = PBXGroup;
			children = (
				CA0601B126BD0CE600CED8A7 /* MemoApp */,
				CA0601B026BD0CE600CED8A7 /* Products */,
			);
			sourceTree = "<group>";
		};
		CA0601B026BD0CE600CED8A7 /* Products */ = {
			isa = PBXGroup;
			children = (
				CA0601AF26BD0CE600CED8A7 /* MemoApp.app */,
			);
			name = Products;
			sourceTree = "<group>";
		};
		CA0601B126BD0CE600CED8A7 /* MemoApp */ = {
			isa = PBXGroup;
			children = (
				CA2B019D26C409680021E785 /* ViewModel */,
				CA2B019B26C409320021E785 /* View */,
				CA0601B626BD0CE900CED8A7 /* Assets.xcassets */,
				CA20852726C667DC008FDB9F /* Model */,
				CA0601B226BD0CE600CED8A7 /* MemoAppApp.swift */,
				CA0601BB26BD0CE900CED8A7 /* Persistence.swift */,
				CA0601C026BD0CEA00CED8A7 /* Info.plist */,
				CA0601BD26BD0CEA00CED8A7 /* MemoApp.xcdatamodeld */,
				CA0601B826BD0CE900CED8A7 /* Preview Content */,
			);
			path = MemoApp;
			sourceTree = "<group>";
		};
		CA0601B826BD0CE900CED8A7 /* Preview Content */ = {
			isa = PBXGroup;
			children = (
				CA0601B926BD0CE900CED8A7 /* Preview Assets.xcassets */,
			);
			path = "Preview Content";
			sourceTree = "<group>";
		};
		CA20852726C667DC008FDB9F /* Model */ = {
			isa = PBXGroup;
			children = (
				CA20852826C6CA7D008FDB9F /* MemoModel.swift */,
			);
			path = Model;
			sourceTree = "<group>";
		};
		CA2B019B26C409320021E785 /* View */ = {
			isa = PBXGroup;
			children = (
				CA0601B426BD0CE600CED8A7 /* HomeView.swift */,
				CA828FD726BFCFC40032D0C8 /* AddMemoView.swift */,
			);
			path = View;
			sourceTree = "<group>";
		};
		CA2B019D26C409680021E785 /* ViewModel */ = {
			isa = PBXGroup;
			children = (
				CA2B019E26C40A060021E785 /* HomeViewModel.swift */,
			);
			path = ViewModel;
			sourceTree = "<group>";
		};
/* End PBXGroup section */

/* Begin PBXNativeTarget section */
		CA0601AE26BD0CE600CED8A7 /* MemoApp */ = {
			isa = PBXNativeTarget;
			buildConfigurationList = CA0601C326BD0CEA00CED8A7 /* Build configuration list for PBXNativeTarget "MemoApp" */;
			buildPhases = (
				CA0601AB26BD0CE600CED8A7 /* Sources */,
				CA0601AC26BD0CE600CED8A7 /* Frameworks */,
				CA0601AD26BD0CE600CED8A7 /* Resources */,
			);
			buildRules = (
			);
			dependencies = (
			);
			name = MemoApp;
			productName = MemoApp;
			productReference = CA0601AF26BD0CE600CED8A7 /* MemoApp.app */;
			productType = "com.apple.product-type.application";
		};
/* End PBXNativeTarget section */

/* Begin PBXProject section */
		CA0601A726BD0CE600CED8A7 /* Project object */ = {
			isa = PBXProject;
			attributes = {
				LastSwiftUpdateCheck = 1250;
				LastUpgradeCheck = 1250;
				TargetAttributes = {
					CA0601AE26BD0CE600CED8A7 = {
						CreatedOnToolsVersion = 12.5.1;
					};
				};
			};
			buildConfigurationList = CA0601AA26BD0CE600CED8A7 /* Build configuration list for PBXProject "MemoApp" */;
			compatibilityVersion = "Xcode 9.3";
			developmentRegion = en;
			hasScannedForEncodings = 0;
			knownRegions = (
				en,
				Base,
			);
			mainGroup = CA0601A626BD0CE600CED8A7;
			productRefGroup = CA0601B026BD0CE600CED8A7 /* Products */;
			projectDirPath = "";
			projectRoot = "";
			targets = (
				CA0601AE26BD0CE600CED8A7 /* MemoApp */,
			);
		};
/* End PBXProject section */

/* Begin PBXResourcesBuildPhase section */
		CA0601AD26BD0CE600CED8A7 /* Resources */ = {
			isa = PBXResourcesBuildPhase;
			buildActionMask = 2147483647;
			files = (
				CA0601BA26BD0CE900CED8A7 /* Preview Assets.xcassets in Resources */,
				CA0601B726BD0CE900CED8A7 /* Assets.xcassets in Resources */,
			);
			runOnlyForDeploymentPostprocessing = 0;
		};
/* End PBXResourcesBuildPhase section */

/* Begin PBXSourcesBuildPhase section */
		CA0601AB26BD0CE600CED8A7 /* Sources */ = {
			isa = PBXSourcesBuildPhase;
			buildActionMask = 2147483647;
			files = (
				CA0601BC26BD0CE900CED8A7 /* Persistence.swift in Sources */,
				CA2B019F26C40A060021E785 /* HomeViewModel.swift in Sources */,
				CA0601B526BD0CE600CED8A7 /* HomeView.swift in Sources */,
				CA828FD826BFCFC40032D0C8 /* AddMemoView.swift in Sources */,
				CA20852926C6CA7D008FDB9F /* MemoModel.swift in Sources */,
				CA0601B326BD0CE600CED8A7 /* MemoAppApp.swift in Sources */,
				CA0601BF26BD0CEA00CED8A7 /* MemoApp.xcdatamodeld in Sources */,
			);
			runOnlyForDeploymentPostprocessing = 0;
		};
/* End PBXSourcesBuildPhase section */

/* Begin XCBuildConfiguration section */
		CA0601C126BD0CEA00CED8A7 /* Debug */ = {
			isa = XCBuildConfiguration;
			buildSettings = {
				ALWAYS_SEARCH_USER_PATHS = NO;
				CLANG_ANALYZER_NONNULL = YES;
				CLANG_ANALYZER_NUMBER_OBJECT_CONVERSION = YES_AGGRESSIVE;
				CLANG_CXX_LANGUAGE_STANDARD = "gnu++14";
				CLANG_CXX_LIBRARY = "libc++";
				CLANG_ENABLE_MODULES = YES;
				CLANG_ENABLE_OBJC_ARC = YES;
				CLANG_ENABLE_OBJC_WEAK = YES;
				CLANG_WARN_BLOCK_CAPTURE_AUTORELEASING = YES;
				CLANG_WARN_BOOL_CONVERSION = YES;
				CLANG_WARN_COMMA = YES;
				CLANG_WARN_CONSTANT_CONVERSION = YES;
				CLANG_WARN_DEPRECATED_OBJC_IMPLEMENTATIONS = YES;
				CLANG_WARN_DIRECT_OBJC_ISA_USAGE = YES_ERROR;
				CLANG_WARN_DOCUMENTATION_COMMENTS = YES;
				CLANG_WARN_EMPTY_BODY = YES;
				CLANG_WARN_ENUM_CONVERSION = YES;
				CLANG_WARN_INFINITE_RECURSION = YES;
				CLANG_WARN_INT_CONVERSION = YES;
				CLANG_WARN_NON_LITERAL_NULL_CONVERSION = YES;
				CLANG_WARN_OBJC_IMPLICIT_RETAIN_SELF = YES;
				CLANG_WARN_OBJC_LITERAL_CONVERSION = YES;
				CLANG_WARN_OBJC_ROOT_CLASS = YES_ERROR;
				CLANG_WARN_QUOTED_INCLUDE_IN_FRAMEWORK_HEADER = YES;
				CLANG_WARN_RANGE_LOOP_ANALYSIS = YES;
				CLANG_WARN_STRICT_PROTOTYPES = YES;
				CLANG_WARN_SUSPICIOUS_MOVE = YES;
				CLANG_WARN_UNGUARDED_AVAILABILITY = YES_AGGRESSIVE;
				CLANG_WARN_UNREACHABLE_CODE = YES;
				CLANG_WARN__DUPLICATE_METHOD_MATCH = YES;
				COPY_PHASE_STRIP = NO;
				DEBUG_INFORMATION_FORMAT = dwarf;
				ENABLE_STRICT_OBJC_MSGSEND = YES;
				ENABLE_TESTABILITY = YES;
				GCC_C_LANGUAGE_STANDARD = gnu11;
				GCC_DYNAMIC_NO_PIC = NO;
				GCC_NO_COMMON_BLOCKS = YES;
				GCC_OPTIMIZATION_LEVEL = 0;
				GCC_PREPROCESSOR_DEFINITIONS = (
					"DEBUG=1",
					"$(inherited)",
				);
				GCC_WARN_64_TO_32_BIT_CONVERSION = YES;
				GCC_WARN_ABOUT_RETURN_TYPE = YES_ERROR;
				GCC_WARN_UNDECLARED_SELECTOR = YES;
				GCC_WARN_UNINITIALIZED_AUTOS = YES_AGGRESSIVE;
				GCC_WARN_UNUSED_FUNCTION = YES;
				GCC_WARN_UNUSED_VARIABLE = YES;
				IPHONEOS_DEPLOYMENT_TARGET = 14.5;
				MTL_ENABLE_DEBUG_INFO = INCLUDE_SOURCE;
				MTL_FAST_MATH = YES;
				ONLY_ACTIVE_ARCH = YES;
				SDKROOT = iphoneos;
				SWIFT_ACTIVE_COMPILATION_CONDITIONS = DEBUG;
				SWIFT_OPTIMIZATION_LEVEL = "-Onone";
			};
			name = Debug;
		};
		CA0601C226BD0CEA00CED8A7 /* Release */ = {
			isa = XCBuildConfiguration;
			buildSettings = {
				ALWAYS_SEARCH_USER_PATHS = NO;
				CLANG_ANALYZER_NONNULL = YES;
				CLANG_ANALYZER_NUMBER_OBJECT_CONVERSION = YES_AGGRESSIVE;
				CLANG_CXX_LANGUAGE_STANDARD = "gnu++14";
				CLANG_CXX_LIBRARY = "libc++";
				CLANG_ENABLE_MODULES = YES;
				CLANG_ENABLE_OBJC_ARC = YES;
				CLANG_ENABLE_OBJC_WEAK = YES;
				CLANG_WARN_BLOCK_CAPTURE_AUTORELEASING = YES;
				CLANG_WARN_BOOL_CONVERSION = YES;
				CLANG_WARN_COMMA = YES;
				CLANG_WARN_CONSTANT_CONVERSION = YES;
				CLANG_WARN_DEPRECATED_OBJC_IMPLEMENTATIONS = YES;
				CLANG_WARN_DIRECT_OBJC_ISA_USAGE = YES_ERROR;
				CLANG_WARN_DOCUMENTATION_COMMENTS = YES;
				CLANG_WARN_EMPTY_BODY = YES;
				CLANG_WARN_ENUM_CONVERSION = YES;
				CLANG_WARN_INFINITE_RECURSION = YES;
				CLANG_WARN_INT_CONVERSION = YES;
				CLANG_WARN_NON_LITERAL_NULL_CONVERSION = YES;
				CLANG_WARN_OBJC_IMPLICIT_RETAIN_SELF = YES;
				CLANG_WARN_OBJC_LITERAL_CONVERSION = YES;
				CLANG_WARN_OBJC_ROOT_CLASS = YES_ERROR;
				CLANG_WARN_QUOTED_INCLUDE_IN_FRAMEWORK_HEADER = YES;
				CLANG_WARN_RANGE_LOOP_ANALYSIS = YES;
				CLANG_WARN_STRICT_PROTOTYPES = YES;
				CLANG_WARN_SUSPICIOUS_MOVE = YES;
				CLANG_WARN_UNGUARDED_AVAILABILITY = YES_AGGRESSIVE;
				CLANG_WARN_UNREACHABLE_CODE = YES;
				CLANG_WARN__DUPLICATE_METHOD_MATCH = YES;
				COPY_PHASE_STRIP = NO;
				DEBUG_INFORMATION_FORMAT = "dwarf-with-dsym";
				ENABLE_NS_ASSERTIONS = NO;
				ENABLE_STRICT_OBJC_MSGSEND = YES;
				GCC_C_LANGUAGE_STANDARD = gnu11;
				GCC_NO_COMMON_BLOCKS = YES;
				GCC_WARN_64_TO_32_BIT_CONVERSION = YES;
				GCC_WARN_ABOUT_RETURN_TYPE = YES_ERROR;
				GCC_WARN_UNDECLARED_SELECTOR = YES;
				GCC_WARN_UNINITIALIZED_AUTOS = YES_AGGRESSIVE;
				GCC_WARN_UNUSED_FUNCTION = YES;
				GCC_WARN_UNUSED_VARIABLE = YES;
				IPHONEOS_DEPLOYMENT_TARGET = 14.5;
				MTL_ENABLE_DEBUG_INFO = NO;
				MTL_FAST_MATH = YES;
				SDKROOT = iphoneos;
				SWIFT_COMPILATION_MODE = wholemodule;
				SWIFT_OPTIMIZATION_LEVEL = "-O";
				VALIDATE_PRODUCT = YES;
			};
			name = Release;
		};
		CA0601C426BD0CEA00CED8A7 /* Debug */ = {
			isa = XCBuildConfiguration;
			buildSettings = {
				ASSETCATALOG_COMPILER_APPICON_NAME = AppIcon;
				ASSETCATALOG_COMPILER_GLOBAL_ACCENT_COLOR_NAME = AccentColor;
				CODE_SIGN_STYLE = Automatic;
				DEVELOPMENT_ASSET_PATHS = "\"MemoApp/Preview Content\"";
				DEVELOPMENT_TEAM = 4HG9ZCZ4F4;
				ENABLE_PREVIEWS = YES;
				INFOPLIST_FILE = MemoApp/Info.plist;
				IPHONEOS_DEPLOYMENT_TARGET = 14.0;
				LD_RUNPATH_SEARCH_PATHS = (
					"$(inherited)",
					"@executable_path/Frameworks",
				);
				PRODUCT_BUNDLE_IDENTIFIER = com.gmail.tab.hsts.MemoApp;
				PRODUCT_NAME = "$(TARGET_NAME)";
				SWIFT_VERSION = 5.0;
				TARGETED_DEVICE_FAMILY = "1,2";
			};
			name = Debug;
		};
		CA0601C526BD0CEA00CED8A7 /* Release */ = {
			isa = XCBuildConfiguration;
			buildSettings = {
				ASSETCATALOG_COMPILER_APPICON_NAME = AppIcon;
				ASSETCATALOG_COMPILER_GLOBAL_ACCENT_COLOR_NAME = AccentColor;
				CODE_SIGN_STYLE = Automatic;
				DEVELOPMENT_ASSET_PATHS = "\"MemoApp/Preview Content\"";
				DEVELOPMENT_TEAM = 4HG9ZCZ4F4;
				ENABLE_PREVIEWS = YES;
				INFOPLIST_FILE = MemoApp/Info.plist;
				IPHONEOS_DEPLOYMENT_TARGET = 14.0;
				LD_RUNPATH_SEARCH_PATHS = (
					"$(inherited)",
					"@executable_path/Frameworks",
				);
				PRODUCT_BUNDLE_IDENTIFIER = com.gmail.tab.hsts.MemoApp;
				PRODUCT_NAME = "$(TARGET_NAME)";
				SWIFT_VERSION = 5.0;
				TARGETED_DEVICE_FAMILY = "1,2";
			};
			name = Release;
		};
/* End XCBuildConfiguration section */

/* Begin XCConfigurationList section */
		CA0601AA26BD0CE600CED8A7 /* Build configuration list for PBXProject "MemoApp" */ = {
			isa = XCConfigurationList;
			buildConfigurations = (
				CA0601C126BD0CEA00CED8A7 /* Debug */,
				CA0601C226BD0CEA00CED8A7 /* Release */,
			);
			defaultConfigurationIsVisible = 0;
			defaultConfigurationName = Release;
		};
		CA0601C326BD0CEA00CED8A7 /* Build configuration list for PBXNativeTarget "MemoApp" */ = {
			isa = XCConfigurationList;
			buildConfigurations = (
				CA0601C426BD0CEA00CED8A7 /* Debug */,
				CA0601C526BD0CEA00CED8A7 /* Release */,
			);
			defaultConfigurationIsVisible = 0;
			defaultConfigurationName = Release;
		};
/* End XCConfigurationList section */

/* Begin XCVersionGroup section */
		CA0601BD26BD0CEA00CED8A7 /* MemoApp.xcdatamodeld */ = {
			isa = XCVersionGroup;
			children = (
				CA0601BE26BD0CEA00CED8A7 /* MemoApp.xcdatamodel */,
			);
			currentVersion = CA0601BE26BD0CEA00CED8A7 /* MemoApp.xcdatamodel */;
			path = MemoApp.xcdatamodeld;
			sourceTree = "<group>";
			versionGroupType = wrapper.xcdatamodel;
		};
/* End XCVersionGroup section */
	};
	rootObject = CA0601A726BD0CE600CED8A7 /* Project object */;
}
